
Microsoft Visual Studio Solution File, Format Version 12.00
# Visual Studio Version 17
VisualStudioVersion = 17.14.36705.20 d17.14
MinimumVisualStudioVersion = 10.0.40219.1
Project("{FAE04EC0-301F-11D3-BF4B-00C04F79EFBC}") = "getpics", "getpics\getpics.csproj", "{D567FB7D-66C7-412B-A536-358B7A32D93D}"
EndProject
Global
	GlobalSection(SolutionConfigurationPlatforms) = preSolution
		Debug|Any CPU = Debug|Any CPU
		Release|Any CPU = Release|Any CPU
	EndGlobalSection
	GlobalSection(ProjectConfigurationPlatforms) = postSolution
		{D567FB7D-66C7-412B-A536-358B7A32D93D}.Debug|Any CPU.ActiveCfg = Debug|Any CPU
		{D567FB7D-66C7-412B-A536-358B7A32D93D}.Debug|Any CPU.Build.0 = Debug|Any CPU
		{D567FB7D-66C7-412B-A536-358B7A32D93D}.Release|Any CPU.ActiveCfg = Release|Any CPU
		{D567FB7D-66C7-412B-A536-358B7A32D93D}.Release|Any CPU.Build.0 = Release|Any CPU
	EndGlobalSection
	GlobalSection(SolutionProperties) = preSolution
		HideSolutionNode = FALSE
	EndGlobalSection
	GlobalSection(ExtensibilityGlobals) = postSolution
		SolutionGuid = {B4461C1C-2D5C-418A-816F-C38D486B5440}
	EndGlobalSection
EndGlobal
